Microsoft Visual Studio Solution File, Format Version 12.00
# Visual Studio Version 17
VisualStudioVersion = 17.5.2.0
MinimumVisualStudioVersion = 10.0.40219.1
Project("{FAE04EC0-301F-11D3-BF4B-00C04F79EFBC}") = "TIVIT---.Net-com-GitHub-Copilot", "TIVIT---.Net-com-GitHub-Copilot.csproj", "{6E2665EF-7036-0D7D-06B1-6F3FFC27A243}"
EndProject
Global
	GlobalSection(SolutionConfigurationPlatforms) = preSolution
		Debug|Any CPU = Debug|Any CPU
		Release|Any CPU = Release|Any CPU
	EndGlobalSection
	GlobalSection(ProjectConfigurationPlatforms) = postSolution
		{6E2665EF-7036-0D7D-06B1-6F3FFC27A243}.Debug|Any CPU.ActiveCfg = Debug|Any CPU
		{6E2665EF-7036-0D7D-06B1-6F3FFC27A243}.Debug|Any CPU.Build.0 = Debug|Any CPU
		{6E2665EF-7036-0D7D-06B1-6F3FFC27A243}.Release|Any CPU.ActiveCfg = Release|Any CPU
		{6E2665EF-7036-0D7D-06B1-6F3FFC27A243}.Release|Any CPU.Build.0 = Release|Any CPU
	EndGlobalSection
	GlobalSection(SolutionProperties) = preSolution
		HideSolutionNode = FALSE
	EndGlobalSection
	GlobalSection(ExtensibilityGlobals) = postSolution
		SolutionGuid = {2C76F514-732E-409B-B8B3-09D195218B99}
	EndGlobalSection
EndGlobal
